// !$*UTF8*$!
{
	archiveVersion = 1;
	classes = {
	};
	objectVersion = 50;
	objects = {

/* Begin PBXBuildFile section */
		647F5AFC249FC6AE00B64677 /* AppDelegate.swift in Sources */ = {isa = PBXBuildFile; fileRef = 647F5AFB249FC6AE00B64677 /* AppDelegate.swift */; };
		647F5AFE249FC6AE00B64677 /* SceneDelegate.swift in Sources */ = {isa = PBXBuildFile; fileRef = 647F5AFD249FC6AE00B64677 /* SceneDelegate.swift */; };
		647F5B00249FC6AE00B64677 /* ViewController.swift in Sources */ = {isa = PBXBuildFile; fileRef = 647F5AFF249FC6AE00B64677 /* ViewController.swift */; };
		647F5B03249FC6AE00B64677 /* Main.storyboard in Resources */ = {isa = PBXBuildFile; fileRef = 647F5B01249FC6AE00B64677 /* Main.storyboard */; };
		647F5B05249FC6B200B64677 /* Assets.xcassets in Resources */ = {isa = PBXBuildFile; fileRef = 647F5B04249FC6B200B64677 /* Assets.xcassets */; };
		647F5B08249FC6B200B64677 /* LaunchScreen.storyboard in Resources */ = {isa = PBXBuildFile; fileRef = 647F5B06249FC6B200B64677 /* LaunchScreen.storyboard */; };
/* End PBXBuildFile section */

/* Begin PBXFileReference section */
		647F5AF8249FC6AE00B64677 /* youTubeType.app */ = {isa = PBXFileReference; explicitFileType = wrapper.application; includeInIndex = 0; path = youTubeType.app; sourceTree = BUILT_PRODUCTS_DIR; };
		647F5AFB249FC6AE00B64677 /* AppDelegate.swift */ = {isa = PBXFileReference; lastKnownFileType = sourcecode.swift; path = AppDelegate.swift; sourceTree = "<group>"; };
		647F5AFD249FC6AE00B64677 /* SceneDelegate.swift */ = {isa = PBXFileReference; lastKnownFileType = sourcecode.swift; path = SceneDelegate.swift; sourceTree = "<group>"; };
		647F5AFF249FC6AE00B64677 /* ViewController.swift */ = {isa = PBXFileReference; lastKnownFileType = sourcecode.swift; path = ViewController.swift; sourceTree = "<group>"; };
		647F5B02249FC6AE00B64677 /* Base */ = {isa = PBXFileReference; lastKnownFileType = file.storyboard; name = Base; path = Base.lproj/Main.storyboard; sourceTree = "<group>"; };
		647F5B04249FC6B200B64677 /* Assets.xcassets */ = {isa = PBXFileReference; lastKnownFileType = folder.assetcatalog; path = Assets.xcassets; sourceTree = "<group>"; };
		647F5B07249FC6B200B64677 /* Base */ = {isa = PBXFileReference; lastKnownFileType = file.storyboard; name = Base; path = Base.lproj/LaunchScreen.storyboard; sourceTree = "<group>"; };
		647F5B09249FC6B200B64677 /* Info.plist */ = {isa = PBXFileReference; lastKnownFileType = text.plist.xml; path = Info.plist; sourceTree = "<group>"; };
/* End PBXFileReference section */

/* Begin PBXFrameworksBuildPhase section */
		647F5AF5249FC6AE00B64677 /* Frameworks */ = {
			isa = PBXFrameworksBuildPhase;
			buildActionMask = 2147483647;
			files = (
			);
			runOnlyForDeploymentPostprocessing = 0;
		};
/* End PBXFrameworksBuildPhase section */

/* Begin PBXGroup section */
		647F5AEF249FC6AE00B64677 = {
			isa = PBXGroup;
			children = (
				647F5AFA249FC6AE00B64677 /* youTubeType */,
				647F5AF9249FC6AE00B64677 /* Products */,
			);
			sourceTree = "<group>";
		};
		647F5AF9249FC6AE00B64677 /* Products */ = {
			isa = PBXGroup;
			children = (
				647F5AF8249FC6AE00B64677 /* youTubeType.app */,
			);
			name = Products;
			sourceTree = "<group>";
		};
		647F5AFA249FC6AE00B64677 /* youTubeType */ = {
			isa = PBXGroup;
			children = (
				647F5AFB249FC6AE00B64677 /* AppDelegate.swift */,
				647F5AFD249FC6AE00B64677 /* SceneDelegate.swift */,
				647F5AFF249FC6AE00B64677 /* ViewController.swift */,
				647F5B01249FC6AE00B64677 /* Main.storyboard */,
				647F5B04249FC6B200B64677 /* Assets.xcassets */,
				647F5B06249FC6B200B64677 /* LaunchScreen.storyboard */,
				647F5B09249FC6B200B64677 /* Info.plist */,
			);
			path = youTubeType;
			sourceTree = "<group>";
		};
/* End PBXGroup section */

/* Begin PBXNativeTarget section */
		647F5AF7249FC6AE00B64677 /* youTubeType */ = {
			isa = PBXNativeTarget;
			buildConfigurationList = 647F5B0C249FC6B200B64677 /* Build configuration list for PBXNativeTarget "youTubeType" */;
			buildPhases = (
				647F5AF4249FC6AE00B64677 /* Sources */,
				647F5AF5249FC6AE00B64677 /* Frameworks */,
				647F5AF6249FC6AE00B64677 /* Resources */,
			);
			buildRules = (
			);
			dependencies = (
			);
			name = youTubeType;
			productName = youTubeType;
			productReference = 647F5AF8249FC6AE00B64677 /* youTubeType.app */;
			productType = "com.apple.product-type.application";
		};
/* End PBXNativeTarget section */

/* Begin PBXProject section */
		647F5AF0249FC6AE00B64677 /* Project object */ = {
			isa = PBXProject;
			attributes = {
				LastSwiftUpdateCheck = 1150;
				LastUpgradeCheck = 1150;
				ORGANIZATIONNAME = Amit;
				TargetAttributes = {
					647F5AF7249FC6AE00B64677 = {
						CreatedOnToolsVersion = 11.5;
					};
				};
			};
			buildConfigurationList = 647F5AF3249FC6AE00B64677 /* Build configuration list for PBXProject "youTubeType" */;
			compatibilityVersion = "Xcode 9.3";
			developmentRegion = en;
			hasScannedForEncodings = 0;
			knownRegions = (
				en,
				Base,
			);
			mainGroup = 647F5AEF249FC6AE00B64677;
			productRefGroup = 647F5AF9249FC6AE00B64677 /* Products */;
			projectDirPath = "";
			projectRoot = "";
			targets = (
				647F5AF7249FC6AE00B64677 /* youTubeType */,
			);
		};
/* End PBXProject section */

/* Begin PBXResourcesBuildPhase section */
		647F5AF6249FC6AE00B64677 /* Resources */ = {
			isa = PBXResourcesBuildPhase;
			buildActionMask = 2147483647;
			files = (
				647F5B08249FC6B200B64677 /* LaunchScreen.storyboard in Resources */,
				647F5B05249FC6B200B64677 /* Assets.xcassets in Resources */,
				647F5B03249FC6AE00B64677 /* Main.storyboard in Resources */,
			);
			runOnlyForDeploymentPostprocessing = 0;
		};
/* End PBXResourcesBuildPhase section */

/* Begin PBXSourcesBuildPhase section */
		647F5AF4249FC6AE00B64677 /* Sources */ = {
			isa = PBXSourcesBuildPhase;
			buildActionMask = 2147483647;
			files = (
				647F5B00249FC6AE00B64677 /* ViewController.swift in Sources */,
				647F5AFC249FC6AE00B64677 /* AppDelegate.swift in Sources */,
				647F5AFE249FC6AE00B64677 /* SceneDelegate.swift in Sources */,
			);
			runOnlyForDeploymentPostprocessing = 0;
		};
/* End PBXSourcesBuildPhase section */

/* Begin PBXVariantGroup section */
		647F5B01249FC6AE00B64677 /* Main.storyboard */ = {
			isa = PBXVariantGroup;
			children = (
				647F5B02249FC6AE00B64677 /* Base */,
			);
			name = Main.storyboard;
			sourceTree = "<group>";
		};
		647F5B06249FC6B200B64677 /* LaunchScreen.storyboard */ = {
			isa = PBXVariantGroup;
			children = (
				647F5B07249FC6B200B64677 /* Base */,
			);
			name = LaunchScreen.storyboard;
			sourceTree = "<group>";
		};
/* End PBXVariantGroup section */

/* Begin XCBuildConfiguration section */
		647F5B0A249FC6B200B64677 /* Debug */ = {
			isa = XCBuildConfiguration;
			buildSettings = {
				ALWAYS_SEARCH_USER_PATHS = NO;
				CLANG_ANALYZER_NONNULL = YES;
				CLANG_ANALYZER_NUMBER_OBJECT_CONVERSION = YES_AGGRESSIVE;
				CLANG_CXX_LANGUAGE_STANDARD = "gnu++14";
				CLANG_CXX_LIBRARY = "libc++";
				CLANG_ENABLE_MODULES = YES;
				CLANG_ENABLE_OBJC_ARC = YES;
				CLANG_ENABLE_OBJC_WEAK = YES;
				CLANG_WARN_BLOCK_CAPTURE_AUTORELEASING = YES;
				CLANG_WARN_BOOL_CONVERSION = YES;
				CLANG_WARN_COMMA = YES;
				CLANG_WARN_CONSTANT_CONVERSION = YES;
				CLANG_WARN_DEPRECATED_OBJC_IMPLEMENTATIONS = YES;
				CLANG_WARN_DIRECT_OBJC_ISA_USAGE = YES_ERROR;
				CLANG_WARN_DOCUMENTATION_COMMENTS = YES;
				CLANG_WARN_EMPTY_BODY = YES;
				CLANG_WARN_ENUM_CONVERSION = YES;
				CLANG_WARN_INFINITE_RECURSION = YES;
				CLANG_WARN_INT_CONVERSION = YES;
				CLANG_WARN_NON_LITERAL_NULL_CONVERSION = YES;
				CLANG_WARN_OBJC_IMPLICIT_RETAIN_SELF = YES;
				CLANG_WARN_OBJC_LITERAL_CONVERSION = YES;
				CLANG_WARN_OBJC_ROOT_CLASS = YES_ERROR;
				CLANG_WARN_RANGE_LOOP_ANALYSIS = YES;
				CLANG_WARN_STRICT_PROTOTYPES = YES;
				CLANG_WARN_SUSPICIOUS_MOVE = YES;
				CLANG_WARN_UNGUARDED_AVAILABILITY = YES_AGGRESSIVE;
				CLANG_WARN_UNREACHABLE_CODE = YES;
				CLANG_WARN__DUPLICATE_METHOD_MATCH = YES;
				COPY_PHASE_STRIP = NO;
				DEBUG_INFORMATION_FORMAT = dwarf;
				ENABLE_STRICT_OBJC_MSGSEND = YES;
				ENABLE_TESTABILITY = YES;
				GCC_C_LANGUAGE_STANDARD = gnu11;
				GCC_DYNAMIC_NO_PIC = NO;
				GCC_NO_COMMON_BLOCKS = YES;
				GCC_OPTIMIZATION_LEVEL = 0;
				GCC_PREPROCESSOR_DEFINITIONS = (
					"DEBUG=1",
					"$(inherited)",
				);
				GCC_WARN_64_TO_32_BIT_CONVERSION = YES;
				GCC_WARN_ABOUT_RETURN_TYPE = YES_ERROR;
				GCC_WARN_UNDECLARED_SELECTOR = YES;
				GCC_WARN_UNINITIALIZED_AUTOS = YES_AGGRESSIVE;
				GCC_WARN_UNUSED_FUNCTION = YES;
				GCC_WARN_UNUSED_VARIABLE = YES;
				IPHONEOS_DEPLOYMENT_TARGET = 13.5;
				MTL_ENABLE_DEBUG_INFO = INCLUDE_SOURCE;
				MTL_FAST_MATH = YES;
				ONLY_ACTIVE_ARCH = YES;
				SDKROOT = iphoneos;
				SWIFT_ACTIVE_COMPILATION_CONDITIONS = DEBUG;
				SWIFT_OPTIMIZATION_LEVEL = "-Onone";
			};
			name = Debug;
		};
		647F5B0B249FC6B200B64677 /* Release */ = {
			isa = XCBuildConfiguration;
			buildSettings = {
				ALWAYS_SEARCH_USER_PATHS = NO;
				CLANG_ANALYZER_NONNULL = YES;
				CLANG_ANALYZER_NUMBER_OBJECT_CONVERSION = YES_AGGRESSIVE;
				CLANG_CXX_LANGUAGE_STANDARD = "gnu++14";
				CLANG_CXX_LIBRARY = "libc++";
				CLANG_ENABLE_MODULES = YES;
				CLANG_ENABLE_OBJC_ARC = YES;
				CLANG_ENABLE_OBJC_WEAK = YES;
				CLANG_WARN_BLOCK_CAPTURE_AUTORELEASING = YES;
				CLANG_WARN_BOOL_CONVERSION = YES;
				CLANG_WARN_COMMA = YES;
				CLANG_WARN_CONSTANT_CONVERSION = YES;
				CLANG_WARN_DEPRECATED_OBJC_IMPLEMENTATIONS = YES;
				CLANG_WARN_DIRECT_OBJC_ISA_USAGE = YES_ERROR;
				CLANG_WARN_DOCUMENTATION_COMMENTS = YES;
				CLANG_WARN_EMPTY_BODY = YES;
				CLANG_WARN_ENUM_CONVERSION = YES;
				CLANG_WARN_INFINITE_RECURSION = YES;
				CLANG_WARN_INT_CONVERSION = YES;
				CLANG_WARN_NON_LITERAL_NULL_CONVERSION = YES;
				CLANG_WARN_OBJC_IMPLICIT_RETAIN_SELF = YES;
				CLANG_WARN_OBJC_LITERAL_CONVERSION = YES;
				CLANG_WARN_OBJC_ROOT_CLASS = YES_ERROR;
				CLANG_WARN_RANGE_LOOP_ANALYSIS = YES;
				CLANG_WARN_STRICT_PROTOTYPES = YES;
				CLANG_WARN_SUSPICIOUS_MOVE = YES;
				CLANG_WARN_UNGUARDED_AVAILABILITY = YES_AGGRESSIVE;
				CLANG_WARN_UNREACHABLE_CODE = YES;
				CLANG_WARN__DUPLICATE_METHOD_MATCH = YES;
				COPY_PHASE_STRIP = NO;
				DEBUG_INFORMATION_FORMAT = "dwarf-with-dsym";
				ENABLE_NS_ASSERTIONS = NO;
				ENABLE_STRICT_OBJC_MSGSEND = YES;
				GCC_C_LANGUAGE_STANDARD = gnu11;
				GCC_NO_COMMON_BLOCKS = YES;
				GCC_WARN_64_TO_32_BIT_CONVERSION = YES;
				GCC_WARN_ABOUT_RETURN_TYPE = YES_ERROR;
				GCC_WARN_UNDECLARED_SELECTOR = YES;
				GCC_WARN_UNINITIALIZED_AUTOS = YES_AGGRESSIVE;
				GCC_WARN_UNUSED_FUNCTION = YES;
				GCC_WARN_UNUSED_VARIABLE = YES;
				IPHONEOS_DEPLOYMENT_TARGET = 13.5;
				MTL_ENABLE_DEBUG_INFO = NO;
				MTL_FAST_MATH = YES;
				SDKROOT = iphoneos;
				SWIFT_COMPILATION_MODE = wholemodule;
				SWIFT_OPTIMIZATION_LEVEL = "-O";
				VALIDATE_PRODUCT = YES;
			};
			name = Release;
		};
		647F5B0D249FC6B200B64677 /* Debug */ = {
			isa = XCBuildConfiguration;
			buildSettings = {
				ASSETCATALOG_COMPILER_APPICON_NAME = AppIcon;
				CODE_SIGN_STYLE = Automatic;
				INFOPLIST_FILE = youTubeType/Info.plist;
				LD_RUNPATH_SEARCH_PATHS = (
					"$(inherited)",
					"@executable_path/Frameworks",
				);
				PRODUCT_BUNDLE_IDENTIFIER = Amit.youTubeType;
				PRODUCT_NAME = "$(TARGET_NAME)";
				SWIFT_VERSION = 5.0;
				TARGETED_DEVICE_FAMILY = "1,2";
			};
			name = Debug;
		};
		647F5B0E249FC6B200B64677 /* Release */ = {
			isa = XCBuildConfiguration;
			buildSettings = {
				ASSETCATALOG_COMPILER_APPICON_NAME = AppIcon;
				CODE_SIGN_STYLE = Automatic;
				INFOPLIST_FILE = youTubeType/Info.plist;
				LD_RUNPATH_SEARCH_PATHS = (
					"$(inherited)",
					"@executable_path/Frameworks",
				);
				PRODUCT_BUNDLE_IDENTIFIER = Amit.youTubeType;
				PRODUCT_NAME = "$(TARGET_NAME)";
				SWIFT_VERSION = 5.0;
				TARGETED_DEVICE_FAMILY = "1,2";
			};
			name = Release;
		};
/* End XCBuildConfiguration section */

/* Begin XCConfigurationList section */
		647F5AF3249FC6AE00B64677 /* Build configuration list for PBXProject "youTubeType" */ = {
			isa = XCConfigurationList;
			buildConfigurations = (
				647F5B0A249FC6B200B64677 /* Debug */,
				647F5B0B249FC6B200B64677 /* Release */,
			);
			defaultConfigurationIsVisible = 0;
			defaultConfigurationName = Release;
		};
		647F5B0C249FC6B200B64677 /* Build configuration list for PBXNativeTarget "youTubeType" */ = {
			isa = XCConfigurationList;
			buildConfigurations = (
				647F5B0D249FC6B200B64677 /* Debug */,
				647F5B0E249FC6B200B64677 /* Release */,
			);
			defaultConfigurationIsVisible = 0;
			defaultConfigurationName = Release;
		};
/* End XCConfigurationList section */
	};
	rootObject = 647F5AF0249FC6AE00B64677 /* Project object */;
}
